
Microsoft Visual Studio Solution File, Format Version 12.00
# Visual Studio 15
VisualStudioVersion = 15.0.28307.1972
MinimumVisualStudioVersion = 10.0.40219.1
Project("{8BC9CEB8-8B4A-11D0-8D11-00A0C91BC942}") = "Sandbox", "Sandbox\Sandbox.vcxproj", "{9835C8F4-F986-476B-82F2-AFDD5F2EF6E5}"
EndProject
Project("{8BC9CEB8-8B4A-11D0-8D11-00A0C91BC942}") = "Hazel", "Hazel\Hazel.vcxproj", "{4B8D2DC7-D929-4F15-A81B-50950297D8D7}"
EndProject
Global
	GlobalSection(SolutionConfigurationPlatforms) = preSolution
		Debug|x64 = Debug|x64
		Release|x64 = Release|x64
	EndGlobalSection
	GlobalSection(ProjectConfigurationPlatforms) = postSolution
		{4B8D2DC7-D929-4F15-A81B-50950297D8D7}.Debug|x64.ActiveCfg = Debug|x64
		{4B8D2DC7-D929-4F15-A81B-50950297D8D7}.Debug|x64.Build.0 = Debug|x64
		{4B8D2DC7-D929-4F15-A81B-50950297D8D7}.Release|x64.ActiveCfg = Release|x64
		{4B8D2DC7-D929-4F15-A81B-50950297D8D7}.Release|x64.Build.0 = Release|x64
		{9835C8F4-F986-476B-82F2-AFDD5F2EF6E5}.Debug|x64.ActiveCfg = Debug|x64
		{9835C8F4-F986-476B-82F2-AFDD5F2EF6E5}.Debug|x64.Build.0 = Debug|x64
		{9835C8F4-F986-476B-82F2-AFDD5F2EF6E5}.Release|x64.ActiveCfg = Release|x64
		{9835C8F4-F986-476B-82F2-AFDD5F2EF6E5}.Release|x64.Build.0 = Release|x64
	EndGlobalSection
	GlobalSection(SolutionProperties) = preSolution
		HideSolutionNode = FALSE
	EndGlobalSection
	GlobalSection(ExtensibilityGlobals) = postSolution
		SolutionGuid = {228C3B2C-C7CA-4052-A2A4-7C3D6CAD7FFC}
	EndGlobalSection
EndGlobal
